// !$*UTF8*$!
{
	archiveVersion = 1;
	classes = {
	};
	objectVersion = 50;
	objects = {

/* Begin PBXBuildFile section */
		53C0F15427BD356700238BEC /* AppDelegate.swift in Sources */ = {isa = PBXBuildFile; fileRef = 53C0F15327BD356700238BEC /* AppDelegate.swift */; };
		53C0F15627BD356700238BEC /* SceneDelegate.swift in Sources */ = {isa = PBXBuildFile; fileRef = 53C0F15527BD356700238BEC /* SceneDelegate.swift */; };
		53C0F15827BD356700238BEC /* ViewController.swift in Sources */ = {isa = PBXBuildFile; fileRef = 53C0F15727BD356700238BEC /* ViewController.swift */; };
		53C0F15B27BD356700238BEC /* Main.storyboard in Resources */ = {isa = PBXBuildFile; fileRef = 53C0F15927BD356700238BEC /* Main.storyboard */; };
		53C0F15D27BD357D00238BEC /* Assets.xcassets in Resources */ = {isa = PBXBuildFile; fileRef = 53C0F15C27BD357D00238BEC /* Assets.xcassets */; };
		53C0F16027BD357D00238BEC /* LaunchScreen.storyboard in Resources */ = {isa = PBXBuildFile; fileRef = 53C0F15E27BD357D00238BEC /* LaunchScreen.storyboard */; };
/* End PBXBuildFile section */

/* Begin PBXFileReference section */
		53C0F15027BD356700238BEC /* Project6-Swift(Challenge-Shopping list).app */ = {isa = PBXFileReference; explicitFileType = wrapper.application; includeInIndex = 0; path = "Project6-Swift(Challenge-Shopping list).app"; sourceTree = BUILT_PRODUCTS_DIR; };
		53C0F15327BD356700238BEC /* AppDelegate.swift */ = {isa = PBXFileReference; lastKnownFileType = sourcecode.swift; path = AppDelegate.swift; sourceTree = "<group>"; };
		53C0F15527BD356700238BEC /* SceneDelegate.swift */ = {isa = PBXFileReference; lastKnownFileType = sourcecode.swift; path = SceneDelegate.swift; sourceTree = "<group>"; };
		53C0F15727BD356700238BEC /* ViewController.swift */ = {isa = PBXFileReference; lastKnownFileType = sourcecode.swift; path = ViewController.swift; sourceTree = "<group>"; };
		53C0F15A27BD356700238BEC /* Base */ = {isa = PBXFileReference; lastKnownFileType = file.storyboard; name = Base; path = Base.lproj/Main.storyboard; sourceTree = "<group>"; };
		53C0F15C27BD357D00238BEC /* Assets.xcassets */ = {isa = PBXFileReference; lastKnownFileType = folder.assetcatalog; path = Assets.xcassets; sourceTree = "<group>"; };
		53C0F15F27BD357D00238BEC /* Base */ = {isa = PBXFileReference; lastKnownFileType = file.storyboard; name = Base; path = Base.lproj/LaunchScreen.storyboard; sourceTree = "<group>"; };
		53C0F16127BD357D00238BEC /* Info.plist */ = {isa = PBXFileReference; lastKnownFileType = text.plist.xml; path = Info.plist; sourceTree = "<group>"; };
/* End PBXFileReference section */

/* Begin PBXFrameworksBuildPhase section */
		53C0F14D27BD356700238BEC /* Frameworks */ = {
			isa = PBXFrameworksBuildPhase;
			buildActionMask = 2147483647;
			files = (
			);
			runOnlyForDeploymentPostprocessing = 0;
		};
/* End PBXFrameworksBuildPhase section */

/* Begin PBXGroup section */
		53C0F14727BD356600238BEC = {
			isa = PBXGroup;
			children = (
				53C0F15227BD356700238BEC /* Project6-Swift(Challenge-Shopping list) */,
				53C0F15127BD356700238BEC /* Products */,
			);
			sourceTree = "<group>";
		};
		53C0F15127BD356700238BEC /* Products */ = {
			isa = PBXGroup;
			children = (
				53C0F15027BD356700238BEC /* Project6-Swift(Challenge-Shopping list).app */,
			);
			name = Products;
			sourceTree = "<group>";
		};
		53C0F15227BD356700238BEC /* Project6-Swift(Challenge-Shopping list) */ = {
			isa = PBXGroup;
			children = (
				53C0F15327BD356700238BEC /* AppDelegate.swift */,
				53C0F15527BD356700238BEC /* SceneDelegate.swift */,
				53C0F15727BD356700238BEC /* ViewController.swift */,
				53C0F15927BD356700238BEC /* Main.storyboard */,
				53C0F15C27BD357D00238BEC /* Assets.xcassets */,
				53C0F15E27BD357D00238BEC /* LaunchScreen.storyboard */,
				53C0F16127BD357D00238BEC /* Info.plist */,
			);
			path = "Project6-Swift(Challenge-Shopping list)";
			sourceTree = "<group>";
		};
/* End PBXGroup section */

/* Begin PBXNativeTarget section */
		53C0F14F27BD356700238BEC /* Project6-Swift(Challenge-Shopping list) */ = {
			isa = PBXNativeTarget;
			buildConfigurationList = 53C0F16427BD357D00238BEC /* Build configuration list for PBXNativeTarget "Project6-Swift(Challenge-Shopping list)" */;
			buildPhases = (
				53C0F14C27BD356700238BEC /* Sources */,
				53C0F14D27BD356700238BEC /* Frameworks */,
				53C0F14E27BD356700238BEC /* Resources */,
			);
			buildRules = (
			);
			dependencies = (
			);
			name = "Project6-Swift(Challenge-Shopping list)";
			productName = "Project6-Swift(Challenge-Shopping list)";
			productReference = 53C0F15027BD356700238BEC /* Project6-Swift(Challenge-Shopping list).app */;
			productType = "com.apple.product-type.application";
		};
/* End PBXNativeTarget section */

/* Begin PBXProject section */
		53C0F14827BD356600238BEC /* Project object */ = {
			isa = PBXProject;
			attributes = {
				LastSwiftUpdateCheck = 1130;
				LastUpgradeCheck = 1130;
				ORGANIZATIONNAME = "Karthus Saffron";
				TargetAttributes = {
					53C0F14F27BD356700238BEC = {
						CreatedOnToolsVersion = 11.3.1;
					};
				};
			};
			buildConfigurationList = 53C0F14B27BD356600238BEC /* Build configuration list for PBXProject "Project6-Swift(Challenge-Shopping list)" */;
			compatibilityVersion = "Xcode 9.3";
			developmentRegion = en;
			hasScannedForEncodings = 0;
			knownRegions = (
				en,
				Base,
			);
			mainGroup = 53C0F14727BD356600238BEC;
			productRefGroup = 53C0F15127BD356700238BEC /* Products */;
			projectDirPath = "";
			projectRoot = "";
			targets = (
				53C0F14F27BD356700238BEC /* Project6-Swift(Challenge-Shopping list) */,
			);
		};
/* End PBXProject section */

/* Begin PBXResourcesBuildPhase section */
		53C0F14E27BD356700238BEC /* Resources */ = {
			isa = PBXResourcesBuildPhase;
			buildActionMask = 2147483647;
			files = (
				53C0F16027BD357D00238BEC /* LaunchScreen.storyboard in Resources */,
				53C0F15D27BD357D00238BEC /* Assets.xcassets in Resources */,
				53C0F15B27BD356700238BEC /* Main.storyboard in Resources */,
			);
			runOnlyForDeploymentPostprocessing = 0;
		};
/* End PBXResourcesBuildPhase section */

/* Begin PBXSourcesBuildPhase section */
		53C0F14C27BD356700238BEC /* Sources */ = {
			isa = PBXSourcesBuildPhase;
			buildActionMask = 2147483647;
			files = (
				53C0F15827BD356700238BEC /* ViewController.swift in Sources */,
				53C0F15427BD356700238BEC /* AppDelegate.swift in Sources */,
				53C0F15627BD356700238BEC /* SceneDelegate.swift in Sources */,
			);
			runOnlyForDeploymentPostprocessing = 0;
		};
/* End PBXSourcesBuildPhase section */

/* Begin PBXVariantGroup section */
		53C0F15927BD356700238BEC /* Main.storyboard */ = {
			isa = PBXVariantGroup;
			children = (
				53C0F15A27BD356700238BEC /* Base */,
			);
			name = Main.storyboard;
			sourceTree = "<group>";
		};
		53C0F15E27BD357D00238BEC /* LaunchScreen.storyboard */ = {
			isa = PBXVariantGroup;
			children = (
				53C0F15F27BD357D00238BEC /* Base */,
			);
			name = LaunchScreen.storyboard;
			sourceTree = "<group>";
		};
/* End PBXVariantGroup section */

/* Begin XCBuildConfiguration section */
		53C0F16227BD357D00238BEC /* Debug */ = {
			isa = XCBuildConfiguration;
			buildSettings = {
				ALWAYS_SEARCH_USER_PATHS = NO;
				CLANG_ANALYZER_NONNULL = YES;
				CLANG_ANALYZER_NUMBER_OBJECT_CONVERSION = YES_AGGRESSIVE;
				CLANG_CXX_LANGUAGE_STANDARD = "gnu++14";
				CLANG_CXX_LIBRARY = "libc++";
				CLANG_ENABLE_MODULES = YES;
				CLANG_ENABLE_OBJC_ARC = YES;
				CLANG_ENABLE_OBJC_WEAK = YES;
				CLANG_WARN_BLOCK_CAPTURE_AUTORELEASING = YES;
				CLANG_WARN_BOOL_CONVERSION = YES;
				CLANG_WARN_COMMA = YES;
				CLANG_WARN_CONSTANT_CONVERSION = YES;
				CLANG_WARN_DEPRECATED_OBJC_IMPLEMENTATIONS = YES;
				CLANG_WARN_DIRECT_OBJC_ISA_USAGE = YES_ERROR;
				CLANG_WARN_DOCUMENTATION_COMMENTS = YES;
				CLANG_WARN_EMPTY_BODY = YES;
				CLANG_WARN_ENUM_CONVERSION = YES;
				CLANG_WARN_INFINITE_RECURSION = YES;
				CLANG_WARN_INT_CONVERSION = YES;
				CLANG_WARN_NON_LITERAL_NULL_CONVERSION = YES;
				CLANG_WARN_OBJC_IMPLICIT_RETAIN_SELF = YES;
				CLANG_WARN_OBJC_LITERAL_CONVERSION = YES;
				CLANG_WARN_OBJC_ROOT_CLASS = YES_ERROR;
				CLANG_WARN_RANGE_LOOP_ANALYSIS = YES;
				CLANG_WARN_STRICT_PROTOTYPES = YES;
				CLANG_WARN_SUSPICIOUS_MOVE = YES;
				CLANG_WARN_UNGUARDED_AVAILABILITY = YES_AGGRESSIVE;
				CLANG_WARN_UNREACHABLE_CODE = YES;
				CLANG_WARN__DUPLICATE_METHOD_MATCH = YES;
				COPY_PHASE_STRIP = NO;
				DEBUG_INFORMATION_FORMAT = dwarf;
				ENABLE_STRICT_OBJC_MSGSEND = YES;
				ENABLE_TESTABILITY = YES;
				GCC_C_LANGUAGE_STANDARD = gnu11;
				GCC_DYNAMIC_NO_PIC = NO;
				GCC_NO_COMMON_BLOCKS = YES;
				GCC_OPTIMIZATION_LEVEL = 0;
				GCC_PREPROCESSOR_DEFINITIONS = (
					"DEBUG=1",
					"$(inherited)",
				);
				GCC_WARN_64_TO_32_BIT_CONVERSION = YES;
				GCC_WARN_ABOUT_RETURN_TYPE = YES_ERROR;
				GCC_WARN_UNDECLARED_SELECTOR = YES;
				GCC_WARN_UNINITIALIZED_AUTOS = YES_AGGRESSIVE;
				GCC_WARN_UNUSED_FUNCTION = YES;
				GCC_WARN_UNUSED_VARIABLE = YES;
				IPHONEOS_DEPLOYMENT_TARGET = 13.2;
				MTL_ENABLE_DEBUG_INFO = INCLUDE_SOURCE;
				MTL_FAST_MATH = YES;
				ONLY_ACTIVE_ARCH = YES;
				SDKROOT = iphoneos;
				SWIFT_ACTIVE_COMPILATION_CONDITIONS = DEBUG;
				SWIFT_OPTIMIZATION_LEVEL = "-Onone";
			};
			name = Debug;
		};
		53C0F16327BD357D00238BEC /* Release */ = {
			isa = XCBuildConfiguration;
			buildSettings = {
				ALWAYS_SEARCH_USER_PATHS = NO;
				CLANG_ANALYZER_NONNULL = YES;
				CLANG_ANALYZER_NUMBER_OBJECT_CONVERSION = YES_AGGRESSIVE;
				CLANG_CXX_LANGUAGE_STANDARD = "gnu++14";
				CLANG_CXX_LIBRARY = "libc++";
				CLANG_ENABLE_MODULES = YES;
				CLANG_ENABLE_OBJC_ARC = YES;
				CLANG_ENABLE_OBJC_WEAK = YES;
				CLANG_WARN_BLOCK_CAPTURE_AUTORELEASING = YES;
				CLANG_WARN_BOOL_CONVERSION = YES;
				CLANG_WARN_COMMA = YES;
				CLANG_WARN_CONSTANT_CONVERSION = YES;
				CLANG_WARN_DEPRECATED_OBJC_IMPLEMENTATIONS = YES;
				CLANG_WARN_DIRECT_OBJC_ISA_USAGE = YES_ERROR;
				CLANG_WARN_DOCUMENTATION_COMMENTS = YES;
				CLANG_WARN_EMPTY_BODY = YES;
				CLANG_WARN_ENUM_CONVERSION = YES;
				CLANG_WARN_INFINITE_RECURSION = YES;
				CLANG_WARN_INT_CONVERSION = YES;
				CLANG_WARN_NON_LITERAL_NULL_CONVERSION = YES;
				CLANG_WARN_OBJC_IMPLICIT_RETAIN_SELF = YES;
				CLANG_WARN_OBJC_LITERAL_CONVERSION = YES;
				CLANG_WARN_OBJC_ROOT_CLASS = YES_ERROR;
				CLANG_WARN_RANGE_LOOP_ANALYSIS = YES;
				CLANG_WARN_STRICT_PROTOTYPES = YES;
				CLANG_WARN_SUSPICIOUS_MOVE = YES;
				CLANG_WARN_UNGUARDED_AVAILABILITY = YES_AGGRESSIVE;
				CLANG_WARN_UNREACHABLE_CODE = YES;
				CLANG_WARN__DUPLICATE_METHOD_MATCH = YES;
				COPY_PHASE_STRIP = NO;
				DEBUG_INFORMATION_FORMAT = "dwarf-with-dsym";
				ENABLE_NS_ASSERTIONS = NO;
				ENABLE_STRICT_OBJC_MSGSEND = YES;
				GCC_C_LANGUAGE_STANDARD = gnu11;
				GCC_NO_COMMON_BLOCKS = YES;
				GCC_WARN_64_TO_32_BIT_CONVERSION = YES;
				GCC_WARN_ABOUT_RETURN_TYPE = YES_ERROR;
				GCC_WARN_UNDECLARED_SELECTOR = YES;
				GCC_WARN_UNINITIALIZED_AUTOS = YES_AGGRESSIVE;
				GCC_WARN_UNUSED_FUNCTION = YES;
				GCC_WARN_UNUSED_VARIABLE = YES;
				IPHONEOS_DEPLOYMENT_TARGET = 13.2;
				MTL_ENABLE_DEBUG_INFO = NO;
				MTL_FAST_MATH = YES;
				SDKROOT = iphoneos;
				SWIFT_COMPILATION_MODE = wholemodule;
				SWIFT_OPTIMIZATION_LEVEL = "-O";
				VALIDATE_PRODUCT = YES;
			};
			name = Release;
		};
		53C0F16527BD357D00238BEC /* Debug */ = {
			isa = XCBuildConfiguration;
			buildSettings = {
				ASSETCATALOG_COMPILER_APPICON_NAME = AppIcon;
				CODE_SIGN_STYLE = Automatic;
				INFOPLIST_FILE = "Project6-Swift(Challenge-Shopping list)/Info.plist";
				LD_RUNPATH_SEARCH_PATHS = (
					"$(inherited)",
					"@executable_path/Frameworks",
				);
				PRODUCT_BUNDLE_IDENTIFIER = "com.42.Project6-Swift-Challenge-Shopping-list-";
				PRODUCT_NAME = "$(TARGET_NAME)";
				SWIFT_VERSION = 5.0;
				TARGETED_DEVICE_FAMILY = "1,2";
			};
			name = Debug;
		};
		53C0F16627BD357D00238BEC /* Release */ = {
			isa = XCBuildConfiguration;
			buildSettings = {
				ASSETCATALOG_COMPILER_APPICON_NAME = AppIcon;
				CODE_SIGN_STYLE = Automatic;
				INFOPLIST_FILE = "Project6-Swift(Challenge-Shopping list)/Info.plist";
				LD_RUNPATH_SEARCH_PATHS = (
					"$(inherited)",
					"@executable_path/Frameworks",
				);
				PRODUCT_BUNDLE_IDENTIFIER = "com.42.Project6-Swift-Challenge-Shopping-list-";
				PRODUCT_NAME = "$(TARGET_NAME)";
				SWIFT_VERSION = 5.0;
				TARGETED_DEVICE_FAMILY = "1,2";
			};
			name = Release;
		};
/* End XCBuildConfiguration section */

/* Begin XCConfigurationList section */
		53C0F14B27BD356600238BEC /* Build configuration list for PBXProject "Project6-Swift(Challenge-Shopping list)" */ = {
			isa = XCConfigurationList;
			buildConfigurations = (
				53C0F16227BD357D00238BEC /* Debug */,
				53C0F16327BD357D00238BEC /* Release */,
			);
			defaultConfigurationIsVisible = 0;
			defaultConfigurationName = Release;
		};
		53C0F16427BD357D00238BEC /* Build configuration list for PBXNativeTarget "Project6-Swift(Challenge-Shopping list)" */ = {
			isa = XCConfigurationList;
			buildConfigurations = (
				53C0F16527BD357D00238BEC /* Debug */,
				53C0F16627BD357D00238BEC /* Release */,
			);
			defaultConfigurationIsVisible = 0;
			defaultConfigurationName = Release;
		};
/* End XCConfigurationList section */
	};
	rootObject = 53C0F14827BD356600238BEC /* Project object */;
}
